
Microsoft Visual Studio Solution File, Format Version 12.00
# Visual Studio 2013
VisualStudioVersion = 12.0.31101.0
MinimumVisualStudioVersion = 10.0.40219.1
Project("{FAE04EC0-301F-11D3-BF4B-00C04F79EFBC}") = "Licencias.Presentation", "Licencias.Presentation\Licencias.Presentation.csproj", "{A8DD4638-275C-4E77-A0E1-3B580569B0A7}"
EndProject
Project("{FAE04EC0-301F-11D3-BF4B-00C04F79EFBC}") = "Licencias.Bussines", "Licencias.Bussines\Licencias.Bussines.csproj", "{861F25C9-48CB-4EE2-8F89-B5465538493E}"
EndProject
Project("{FAE04EC0-301F-11D3-BF4B-00C04F79EFBC}") = "Licencias.DataAccess", "Licencias.DataAccess\Licencias.DataAccess.csproj", "{D01BBB2B-9F94-45A9-B5CF-22B44B4DD99D}"
EndProject
Project("{2150E333-8FDC-42A3-9474-1A3956D46DE8}") = ".nuget", ".nuget", "{7EF7E400-4640-4883-B07E-813A5699675D}"
	ProjectSection(SolutionItems) = preProject
		.nuget\NuGet.Config = .nuget\NuGet.Config
		.nuget\NuGet.exe = .nuget\NuGet.exe
		.nuget\NuGet.targets = .nuget\NuGet.targets
	EndProjectSection
EndProject
Global
	GlobalSection(SolutionConfigurationPlatforms) = preSolution
		Debug|Any CPU = Debug|Any CPU
		Release|Any CPU = Release|Any CPU
	EndGlobalSection
	GlobalSection(ProjectConfigurationPlatforms) = postSolution
		{A8DD4638-275C-4E77-A0E1-3B580569B0A7}.Debug|Any CPU.ActiveCfg = Debug|Any CPU
		{A8DD4638-275C-4E77-A0E1-3B580569B0A7}.Debug|Any CPU.Build.0 = Debug|Any CPU
		{A8DD4638-275C-4E77-A0E1-3B580569B0A7}.Release|Any CPU.ActiveCfg = Release|Any CPU
		{A8DD4638-275C-4E77-A0E1-3B580569B0A7}.Release|Any CPU.Build.0 = Release|Any CPU
		{861F25C9-48CB-4EE2-8F89-B5465538493E}.Debug|Any CPU.ActiveCfg = Debug|Any CPU
		{861F25C9-48CB-4EE2-8F89-B5465538493E}.Debug|Any CPU.Build.0 = Debug|Any CPU
		{861F25C9-48CB-4EE2-8F89-B5465538493E}.Release|Any CPU.ActiveCfg = Release|Any CPU
		{861F25C9-48CB-4EE2-8F89-B5465538493E}.Release|Any CPU.Build.0 = Release|Any CPU
		{D01BBB2B-9F94-45A9-B5CF-22B44B4DD99D}.Debug|Any CPU.ActiveCfg = Debug|Any CPU
		{D01BBB2B-9F94-45A9-B5CF-22B44B4DD99D}.Debug|Any CPU.Build.0 = Debug|Any CPU
		{D01BBB2B-9F94-45A9-B5CF-22B44B4DD99D}.Release|Any CPU.ActiveCfg = Release|Any CPU
		{D01BBB2B-9F94-45A9-B5CF-22B44B4DD99D}.Release|Any CPU.Build.0 = Release|Any CPU
	EndGlobalSection
	GlobalSection(SolutionProperties) = preSolution
		HideSolutionNode = FALSE
	EndGlobalSection
EndGlobal
